// !$*UTF8*$!
{
	archiveVersion = 1;
	classes = {
	};
	objectVersion = 50;
	objects = {

/* Begin PBXBuildFile section */
		F4BA1856249DD7AF00D42258 /* main.m in Sources */ = {isa = PBXBuildFile; fileRef = F4BA1855249DD7AF00D42258 /* main.m */; };
		F4BA185F249DD98900D42258 /* ShellCommand.m in Sources */ = {isa = PBXBuildFile; fileRef = F4BA185E249DD98900D42258 /* ShellCommand.m */; };
		F4BA187F249DDC0200D42258 /* InstrumentsAnalysisCore.framework in Frameworks */ = {isa = PBXBuildFile; fileRef = F4BA187E249DDC0200D42258 /* InstrumentsAnalysisCore.framework */; };
		F4BA1881249DDC0800D42258 /* InstrumentsKit.framework in Frameworks */ = {isa = PBXBuildFile; fileRef = F4BA1880249DDC0800D42258 /* InstrumentsKit.framework */; };
		F4BA1886249DDC1100D42258 /* DVTInstrumentsFoundation.framework in Frameworks */ = {isa = PBXBuildFile; fileRef = F4BA1882249DDC1100D42258 /* DVTInstrumentsFoundation.framework */; };
		F4BA1887249DDC1100D42258 /* DVTFoundation.framework in Frameworks */ = {isa = PBXBuildFile; fileRef = F4BA1883249DDC1100D42258 /* DVTFoundation.framework */; };
		F4BA1888249DDC1100D42258 /* InstrumentsPlugIn.framework in Frameworks */ = {isa = PBXBuildFile; fileRef = F4BA1884249DDC1100D42258 /* InstrumentsPlugIn.framework */; };
		F4BA1889249DDC1100D42258 /* DVTInstrumentsUtilities.framework in Frameworks */ = {isa = PBXBuildFile; fileRef = F4BA1885249DDC1100D42258 /* DVTInstrumentsUtilities.framework */; };
		F4BA188C249DDF2200D42258 /* Instruments.m in Sources */ = {isa = PBXBuildFile; fileRef = F4BA188B249DDF2200D42258 /* Instruments.m */; };
		F4BA1891249DE0AC00D42258 /* TraceUtility.m in Sources */ = {isa = PBXBuildFile; fileRef = F4BA1890249DE0AC00D42258 /* TraceUtility.m */; };
/* End PBXBuildFile section */

/* Begin PBXCopyFilesBuildPhase section */
		F4BA1850249DD7AF00D42258 /* CopyFiles */ = {
			isa = PBXCopyFilesBuildPhase;
			buildActionMask = 2147483647;
			dstPath = /usr/share/man/man1/;
			dstSubfolderSpec = 0;
			files = (
			);
			runOnlyForDeploymentPostprocessing = 1;
		};
/* End PBXCopyFilesBuildPhase section */

/* Begin PBXFileReference section */
		F4BA1852249DD7AF00D42258 /* Trace2JSON */ = {isa = PBXFileReference; explicitFileType = "compiled.mach-o.executable"; includeInIndex = 0; path = Trace2JSON; sourceTree = BUILT_PRODUCTS_DIR; };
		F4BA1855249DD7AF00D42258 /* main.m */ = {isa = PBXFileReference; lastKnownFileType = sourcecode.c.objc; path = main.m; sourceTree = "<group>"; };
		F4BA185D249DD98900D42258 /* ShellCommand.h */ = {isa = PBXFileReference; lastKnownFileType = sourcecode.c.h; path = ShellCommand.h; sourceTree = "<group>"; };
		F4BA185E249DD98900D42258 /* ShellCommand.m */ = {isa = PBXFileReference; lastKnownFileType = sourcecode.c.objc; path = ShellCommand.m; sourceTree = "<group>"; };
		F4BA1873249DDAE100D42258 /* Trace2JSON.entitlements */ = {isa = PBXFileReference; lastKnownFileType = text.plist.entitlements; path = Trace2JSON.entitlements; sourceTree = "<group>"; };
		F4BA187E249DDC0200D42258 /* InstrumentsAnalysisCore.framework */ = {isa = PBXFileReference; lastKnownFileType = wrapper.framework; name = InstrumentsAnalysisCore.framework; path = ../../../../Applications/Xcode.app/Contents/Applications/Instruments.app/Contents/Frameworks/InstrumentsAnalysisCore.framework; sourceTree = "<group>"; };
		F4BA1880249DDC0800D42258 /* InstrumentsKit.framework */ = {isa = PBXFileReference; lastKnownFileType = wrapper.framework; name = InstrumentsKit.framework; path = ../../../../Applications/Xcode.app/Contents/Applications/Instruments.app/Contents/Frameworks/InstrumentsKit.framework; sourceTree = "<group>"; };
		F4BA1882249DDC1100D42258 /* DVTInstrumentsFoundation.framework */ = {isa = PBXFileReference; lastKnownFileType = wrapper.framework; name = DVTInstrumentsFoundation.framework; path = ../../../../Applications/Xcode.app/Contents/SharedFrameworks/DVTInstrumentsFoundation.framework; sourceTree = "<group>"; };
		F4BA1883249DDC1100D42258 /* DVTFoundation.framework */ = {isa = PBXFileReference; lastKnownFileType = wrapper.framework; name = DVTFoundation.framework; path = ../../../../Applications/Xcode.app/Contents/SharedFrameworks/DVTFoundation.framework; sourceTree = "<group>"; };
		F4BA1884249DDC1100D42258 /* InstrumentsPlugIn.framework */ = {isa = PBXFileReference; lastKnownFileType = wrapper.framework; name = InstrumentsPlugIn.framework; path = ../../../../Applications/Xcode.app/Contents/Applications/Instruments.app/Contents/Frameworks/InstrumentsPlugIn.framework; sourceTree = "<group>"; };
		F4BA1885249DDC1100D42258 /* DVTInstrumentsUtilities.framework */ = {isa = PBXFileReference; lastKnownFileType = wrapper.framework; name = DVTInstrumentsUtilities.framework; path = ../../../../Applications/Xcode.app/Contents/SharedFrameworks/DVTInstrumentsUtilities.framework; sourceTree = "<group>"; };
		F4BA188A249DDF2200D42258 /* Instruments.h */ = {isa = PBXFileReference; lastKnownFileType = sourcecode.c.h; path = Instruments.h; sourceTree = "<group>"; };
		F4BA188B249DDF2200D42258 /* Instruments.m */ = {isa = PBXFileReference; lastKnownFileType = sourcecode.c.objc; path = Instruments.m; sourceTree = "<group>"; };
		F4BA188D249DDF5F00D42258 /* InstrumentsPrivateHeaders.h */ = {isa = PBXFileReference; lastKnownFileType = sourcecode.c.h; path = InstrumentsPrivateHeaders.h; sourceTree = "<group>"; };
		F4BA188F249DE0AC00D42258 /* TraceUtility.h */ = {isa = PBXFileReference; lastKnownFileType = sourcecode.c.h; path = TraceUtility.h; sourceTree = "<group>"; };
		F4BA1890249DE0AC00D42258 /* TraceUtility.m */ = {isa = PBXFileReference; lastKnownFileType = sourcecode.c.objc; path = TraceUtility.m; sourceTree = "<group>"; };
		F4BA1892249DE0EA00D42258 /* PrefixHeader.h */ = {isa = PBXFileReference; lastKnownFileType = sourcecode.c.h; path = PrefixHeader.h; sourceTree = "<group>"; };
/* End PBXFileReference section */

/* Begin PBXFrameworksBuildPhase section */
		F4BA184F249DD7AF00D42258 /* Frameworks */ = {
			isa = PBXFrameworksBuildPhase;
			buildActionMask = 2147483647;
			files = (
				F4BA1887249DDC1100D42258 /* DVTFoundation.framework in Frameworks */,
				F4BA1881249DDC0800D42258 /* InstrumentsKit.framework in Frameworks */,
				F4BA187F249DDC0200D42258 /* InstrumentsAnalysisCore.framework in Frameworks */,
				F4BA1886249DDC1100D42258 /* DVTInstrumentsFoundation.framework in Frameworks */,
				F4BA1888249DDC1100D42258 /* InstrumentsPlugIn.framework in Frameworks */,
				F4BA1889249DDC1100D42258 /* DVTInstrumentsUtilities.framework in Frameworks */,
			);
			runOnlyForDeploymentPostprocessing = 0;
		};
/* End PBXFrameworksBuildPhase section */

/* Begin PBXGroup section */
		F4BA1849249DD7AF00D42258 = {
			isa = PBXGroup;
			children = (
				F4BA1854249DD7AF00D42258 /* Trace2JSON */,
				F4BA1853249DD7AF00D42258 /* Products */,
				F4BA1860249DDA6800D42258 /* Frameworks */,
			);
			sourceTree = "<group>";
		};
		F4BA1853249DD7AF00D42258 /* Products */ = {
			isa = PBXGroup;
			children = (
				F4BA1852249DD7AF00D42258 /* Trace2JSON */,
			);
			name = Products;
			sourceTree = "<group>";
		};
		F4BA1854249DD7AF00D42258 /* Trace2JSON */ = {
			isa = PBXGroup;
			children = (
				F4BA1873249DDAE100D42258 /* Trace2JSON.entitlements */,
				F4BA188E249DE09600D42258 /* TraceUtility */,
				F4BA185C249DD97B00D42258 /* Helpers */,
				F4BA1855249DD7AF00D42258 /* main.m */,
				F4BA1892249DE0EA00D42258 /* PrefixHeader.h */,
			);
			path = Trace2JSON;
			sourceTree = "<group>";
		};
		F4BA185C249DD97B00D42258 /* Helpers */ = {
			isa = PBXGroup;
			children = (
				F4BA188D249DDF5F00D42258 /* InstrumentsPrivateHeaders.h */,
				F4BA188A249DDF2200D42258 /* Instruments.h */,
				F4BA188B249DDF2200D42258 /* Instruments.m */,
				F4BA185D249DD98900D42258 /* ShellCommand.h */,
				F4BA185E249DD98900D42258 /* ShellCommand.m */,
			);
			path = Helpers;
			sourceTree = "<group>";
		};
		F4BA1860249DDA6800D42258 /* Frameworks */ = {
			isa = PBXGroup;
			children = (
				F4BA187E249DDC0200D42258 /* InstrumentsAnalysisCore.framework */,
				F4BA1880249DDC0800D42258 /* InstrumentsKit.framework */,
				F4BA1884249DDC1100D42258 /* InstrumentsPlugIn.framework */,
				F4BA1885249DDC1100D42258 /* DVTInstrumentsUtilities.framework */,
				F4BA1882249DDC1100D42258 /* DVTInstrumentsFoundation.framework */,
				F4BA1883249DDC1100D42258 /* DVTFoundation.framework */,
			);
			name = Frameworks;
			sourceTree = "<group>";
		};
		F4BA188E249DE09600D42258 /* TraceUtility */ = {
			isa = PBXGroup;
			children = (
				F4BA188F249DE0AC00D42258 /* TraceUtility.h */,
				F4BA1890249DE0AC00D42258 /* TraceUtility.m */,
			);
			path = TraceUtility;
			sourceTree = "<group>";
		};
/* End PBXGroup section */

/* Begin PBXNativeTarget section */
		F4BA1851249DD7AF00D42258 /* Trace2JSON */ = {
			isa = PBXNativeTarget;
			buildConfigurationList = F4BA1859249DD7AF00D42258 /* Build configuration list for PBXNativeTarget "Trace2JSON" */;
			buildPhases = (
				F4BA184E249DD7AF00D42258 /* Sources */,
				F4BA184F249DD7AF00D42258 /* Frameworks */,
				F4BA1850249DD7AF00D42258 /* CopyFiles */,
			);
			buildRules = (
			);
			dependencies = (
			);
			name = Trace2JSON;
			productName = Trace2JSON;
			productReference = F4BA1852249DD7AF00D42258 /* Trace2JSON */;
			productType = "com.apple.product-type.tool";
		};
/* End PBXNativeTarget section */

/* Begin PBXProject section */
		F4BA184A249DD7AF00D42258 /* Project object */ = {
			isa = PBXProject;
			attributes = {
				LastUpgradeCheck = 1150;
				ORGANIZATIONNAME = Itaysoft;
				TargetAttributes = {
					F4BA1851249DD7AF00D42258 = {
						CreatedOnToolsVersion = 11.5;
					};
				};
			};
			buildConfigurationList = F4BA184D249DD7AF00D42258 /* Build configuration list for PBXProject "Trace2JSON" */;
			compatibilityVersion = "Xcode 9.3";
			developmentRegion = en;
			hasScannedForEncodings = 0;
			knownRegions = (
				en,
				Base,
			);
			mainGroup = F4BA1849249DD7AF00D42258;
			productRefGroup = F4BA1853249DD7AF00D42258 /* Products */;
			projectDirPath = "";
			projectRoot = "";
			targets = (
				F4BA1851249DD7AF00D42258 /* Trace2JSON */,
			);
		};
/* End PBXProject section */

/* Begin PBXSourcesBuildPhase section */
		F4BA184E249DD7AF00D42258 /* Sources */ = {
			isa = PBXSourcesBuildPhase;
			buildActionMask = 2147483647;
			files = (
				F4BA1891249DE0AC00D42258 /* TraceUtility.m in Sources */,
				F4BA188C249DDF2200D42258 /* Instruments.m in Sources */,
				F4BA185F249DD98900D42258 /* ShellCommand.m in Sources */,
				F4BA1856249DD7AF00D42258 /* main.m in Sources */,
			);
			runOnlyForDeploymentPostprocessing = 0;
		};
/* End PBXSourcesBuildPhase section */

/* Begin XCBuildConfiguration section */
		F4BA1857249DD7AF00D42258 /* Debug */ = {
			isa = XCBuildConfiguration;
			buildSettings = {
				ALWAYS_SEARCH_USER_PATHS = NO;
				CLANG_ANALYZER_NONNULL = YES;
				CLANG_ANALYZER_NUMBER_OBJECT_CONVERSION = YES_AGGRESSIVE;
				CLANG_CXX_LANGUAGE_STANDARD = "gnu++14";
				CLANG_CXX_LIBRARY = "libc++";
				CLANG_ENABLE_MODULES = YES;
				CLANG_ENABLE_OBJC_ARC = YES;
				CLANG_ENABLE_OBJC_WEAK = YES;
				CLANG_WARN_BLOCK_CAPTURE_AUTORELEASING = YES;
				CLANG_WARN_BOOL_CONVERSION = YES;
				CLANG_WARN_COMMA = YES;
				CLANG_WARN_CONSTANT_CONVERSION = YES;
				CLANG_WARN_DEPRECATED_OBJC_IMPLEMENTATIONS = YES;
				CLANG_WARN_DIRECT_OBJC_ISA_USAGE = YES_ERROR;
				CLANG_WARN_DOCUMENTATION_COMMENTS = YES;
				CLANG_WARN_EMPTY_BODY = YES;
				CLANG_WARN_ENUM_CONVERSION = YES;
				CLANG_WARN_INFINITE_RECURSION = YES;
				CLANG_WARN_INT_CONVERSION = YES;
				CLANG_WARN_NON_LITERAL_NULL_CONVERSION = YES;
				CLANG_WARN_OBJC_IMPLICIT_RETAIN_SELF = YES;
				CLANG_WARN_OBJC_LITERAL_CONVERSION = YES;
				CLANG_WARN_OBJC_ROOT_CLASS = YES_ERROR;
				CLANG_WARN_RANGE_LOOP_ANALYSIS = YES;
				CLANG_WARN_STRICT_PROTOTYPES = YES;
				CLANG_WARN_SUSPICIOUS_MOVE = YES;
				CLANG_WARN_UNGUARDED_AVAILABILITY = YES_AGGRESSIVE;
				CLANG_WARN_UNREACHABLE_CODE = YES;
				CLANG_WARN__DUPLICATE_METHOD_MATCH = YES;
				COPY_PHASE_STRIP = NO;
				DEBUG_INFORMATION_FORMAT = dwarf;
				ENABLE_STRICT_OBJC_MSGSEND = YES;
				ENABLE_TESTABILITY = YES;
				GCC_C_LANGUAGE_STANDARD = gnu11;
				GCC_DYNAMIC_NO_PIC = NO;
				GCC_NO_COMMON_BLOCKS = YES;
				GCC_OPTIMIZATION_LEVEL = 0;
				GCC_PREPROCESSOR_DEFINITIONS = (
					"DEBUG=1",
					"$(inherited)",
				);
				GCC_WARN_64_TO_32_BIT_CONVERSION = YES;
				GCC_WARN_ABOUT_RETURN_TYPE = YES_ERROR;
				GCC_WARN_UNDECLARED_SELECTOR = YES;
				GCC_WARN_UNINITIALIZED_AUTOS = YES_AGGRESSIVE;
				GCC_WARN_UNUSED_FUNCTION = YES;
				GCC_WARN_UNUSED_VARIABLE = YES;
				MACOSX_DEPLOYMENT_TARGET = 10.15;
				MTL_ENABLE_DEBUG_INFO = INCLUDE_SOURCE;
				MTL_FAST_MATH = YES;
				ONLY_ACTIVE_ARCH = YES;
				SDKROOT = macosx;
			};
			name = Debug;
		};
		F4BA1858249DD7AF00D42258 /* Release */ = {
			isa = XCBuildConfiguration;
			buildSettings = {
				ALWAYS_SEARCH_USER_PATHS = NO;
				CLANG_ANALYZER_NONNULL = YES;
				CLANG_ANALYZER_NUMBER_OBJECT_CONVERSION = YES_AGGRESSIVE;
				CLANG_CXX_LANGUAGE_STANDARD = "gnu++14";
				CLANG_CXX_LIBRARY = "libc++";
				CLANG_ENABLE_MODULES = YES;
				CLANG_ENABLE_OBJC_ARC = YES;
				CLANG_ENABLE_OBJC_WEAK = YES;
				CLANG_WARN_BLOCK_CAPTURE_AUTORELEASING = YES;
				CLANG_WARN_BOOL_CONVERSION = YES;
				CLANG_WARN_COMMA = YES;
				CLANG_WARN_CONSTANT_CONVERSION = YES;
				CLANG_WARN_DEPRECATED_OBJC_IMPLEMENTATIONS = YES;
				CLANG_WARN_DIRECT_OBJC_ISA_USAGE = YES_ERROR;
				CLANG_WARN_DOCUMENTATION_COMMENTS = YES;
				CLANG_WARN_EMPTY_BODY = YES;
				CLANG_WARN_ENUM_CONVERSION = YES;
				CLANG_WARN_INFINITE_RECURSION = YES;
				CLANG_WARN_INT_CONVERSION = YES;
				CLANG_WARN_NON_LITERAL_NULL_CONVERSION = YES;
				CLANG_WARN_OBJC_IMPLICIT_RETAIN_SELF = YES;
				CLANG_WARN_OBJC_LITERAL_CONVERSION = YES;
				CLANG_WARN_OBJC_ROOT_CLASS = YES_ERROR;
				CLANG_WARN_RANGE_LOOP_ANALYSIS = YES;
				CLANG_WARN_STRICT_PROTOTYPES = YES;
				CLANG_WARN_SUSPICIOUS_MOVE = YES;
				CLANG_WARN_UNGUARDED_AVAILABILITY = YES_AGGRESSIVE;
				CLANG_WARN_UNREACHABLE_CODE = YES;
				CLANG_WARN__DUPLICATE_METHOD_MATCH = YES;
				COPY_PHASE_STRIP = NO;
				DEBUG_INFORMATION_FORMAT = "dwarf-with-dsym";
				ENABLE_NS_ASSERTIONS = NO;
				ENABLE_STRICT_OBJC_MSGSEND = YES;
				GCC_C_LANGUAGE_STANDARD = gnu11;
				GCC_NO_COMMON_BLOCKS = YES;
				GCC_WARN_64_TO_32_BIT_CONVERSION = YES;
				GCC_WARN_ABOUT_RETURN_TYPE = YES_ERROR;
				GCC_WARN_UNDECLARED_SELECTOR = YES;
				GCC_WARN_UNINITIALIZED_AUTOS = YES_AGGRESSIVE;
				GCC_WARN_UNUSED_FUNCTION = YES;
				GCC_WARN_UNUSED_VARIABLE = YES;
				MACOSX_DEPLOYMENT_TARGET = 10.15;
				MTL_ENABLE_DEBUG_INFO = NO;
				MTL_FAST_MATH = YES;
				SDKROOT = macosx;
			};
			name = Release;
		};
		F4BA185A249DD7AF00D42258 /* Debug */ = {
			isa = XCBuildConfiguration;
			buildSettings = {
				CODE_SIGN_ENTITLEMENTS = Trace2JSON/Trace2JSON.entitlements;
				CODE_SIGN_IDENTITY = "Apple Development";
				CODE_SIGN_STYLE = Automatic;
				DEVELOPMENT_TEAM = PY9WJ3M9MW;
				ENABLE_HARDENED_RUNTIME = NO;
				GCC_PREFIX_HEADER = Trace2JSON/PrefixHeader.h;
				LD_RUNPATH_SEARCH_PATHS = (
					/Applications/Xcode.app/Contents/SharedFrameworks,
					/Applications/Xcode.app/Contents/Applications/Instruments.app/Contents/Frameworks,
				);
				MACOSX_DEPLOYMENT_TARGET = 10.14;
				PRODUCT_BUNDLE_IDENTIFIER = com.itaysoft.trace2json;
				PRODUCT_NAME = "$(TARGET_NAME)";
				PROVISIONING_PROFILE_SPECIFIER = "";
				SYSTEM_FRAMEWORK_SEARCH_PATHS = (
					/Applications/Xcode.app/Contents/SharedFrameworks,
					/Applications/Xcode.app/Contents/Applications/Instruments.app/Contents/Frameworks,
				);
				SYSTEM_HEADER_SEARCH_PATHS = "";
			};
			name = Debug;
		};
		F4BA185B249DD7AF00D42258 /* Release */ = {
			isa = XCBuildConfiguration;
			buildSettings = {
				CODE_SIGN_ENTITLEMENTS = Trace2JSON/Trace2JSON.entitlements;
				CODE_SIGN_IDENTITY = "Apple Development";
				CODE_SIGN_STYLE = Automatic;
				DEVELOPMENT_TEAM = PY9WJ3M9MW;
				ENABLE_HARDENED_RUNTIME = NO;
				GCC_PREFIX_HEADER = Trace2JSON/PrefixHeader.h;
				LD_RUNPATH_SEARCH_PATHS = (
					/Applications/Xcode.app/Contents/SharedFrameworks,
					/Applications/Xcode.app/Contents/Applications/Instruments.app/Contents/Frameworks,
				);
				MACOSX_DEPLOYMENT_TARGET = 10.14;
				PRODUCT_BUNDLE_IDENTIFIER = com.itaysoft.trace2json;
				PRODUCT_NAME = "$(TARGET_NAME)";
				PROVISIONING_PROFILE_SPECIFIER = "";
				SYSTEM_FRAMEWORK_SEARCH_PATHS = (
					/Applications/Xcode.app/Contents/SharedFrameworks,
					/Applications/Xcode.app/Contents/Applications/Instruments.app/Contents/Frameworks,
				);
				SYSTEM_HEADER_SEARCH_PATHS = "";
			};
			name = Release;
		};
/* End XCBuildConfiguration section */

/* Begin XCConfigurationList section */
		F4BA184D249DD7AF00D42258 /* Build configuration list for PBXProject "Trace2JSON" */ = {
			isa = XCConfigurationList;
			buildConfigurations = (
				F4BA1857249DD7AF00D42258 /* Debug */,
				F4BA1858249DD7AF00D42258 /* Release */,
			);
			defaultConfigurationIsVisible = 0;
			defaultConfigurationName = Release;
		};
		F4BA1859249DD7AF00D42258 /* Build configuration list for PBXNativeTarget "Trace2JSON" */ = {
			isa = XCConfigurationList;
			buildConfigurations = (
				F4BA185A249DD7AF00D42258 /* Debug */,
				F4BA185B249DD7AF00D42258 /* Release */,
			);
			defaultConfigurationIsVisible = 0;
			defaultConfigurationName = Release;
		};
/* End XCConfigurationList section */
	};
	rootObject = F4BA184A249DD7AF00D42258 /* Project object */;
}
