// !$*UTF8*$!
{
	archiveVersion = 1;
	classes = {
	};
	objectVersion = 52;
	objects = {

/* Begin PBXBuildFile section */
		F439B4FC24A0E8E1009CEE64 /* ActivityMonitorParser.swift in Sources */ = {isa = PBXBuildFile; fileRef = F439B4FB24A0E8E1009CEE64 /* ActivityMonitorParser.swift */; };
		F439B4FE24A0E915009CEE64 /* LeakRow.swift in Sources */ = {isa = PBXBuildFile; fileRef = F439B4FD24A0E915009CEE64 /* LeakRow.swift */; };
		F439B50024A0E923009CEE64 /* LeakRun.swift in Sources */ = {isa = PBXBuildFile; fileRef = F439B4FF24A0E923009CEE64 /* LeakRun.swift */; };
		F439B50224A0E95A009CEE64 /* InstrumentRun.swift in Sources */ = {isa = PBXBuildFile; fileRef = F439B50124A0E95A009CEE64 /* InstrumentRun.swift */; };
		F439B50424A0E96E009CEE64 /* Instrument.swift in Sources */ = {isa = PBXBuildFile; fileRef = F439B50324A0E96E009CEE64 /* Instrument.swift */; };
		F439B50624A0E980009CEE64 /* SelectedProcess.swift in Sources */ = {isa = PBXBuildFile; fileRef = F439B50524A0E980009CEE64 /* SelectedProcess.swift */; };
		F439B50824A0E993009CEE64 /* Device.swift in Sources */ = {isa = PBXBuildFile; fileRef = F439B50724A0E993009CEE64 /* Device.swift */; };
		F439B50A24A0FCC0009CEE64 /* RuntimeHacks.swift in Sources */ = {isa = PBXBuildFile; fileRef = F439B50924A0FCC0009CEE64 /* RuntimeHacks.swift */; };
		F439B50C24A0FCD5009CEE64 /* ActivityRow.swift in Sources */ = {isa = PBXBuildFile; fileRef = F439B50B24A0FCD5009CEE64 /* ActivityRow.swift */; };
		F439B50E24A0FCEB009CEE64 /* ProcessActivity.swift in Sources */ = {isa = PBXBuildFile; fileRef = F439B50D24A0FCEB009CEE64 /* ProcessActivity.swift */; };
		F439B51024A0FD00009CEE64 /* ActivityRun.swift in Sources */ = {isa = PBXBuildFile; fileRef = F439B50F24A0FD00009CEE64 /* ActivityRun.swift */; };
		F439B51224A0FE15009CEE64 /* CoreAnimationParser.swift in Sources */ = {isa = PBXBuildFile; fileRef = F439B51124A0FE15009CEE64 /* CoreAnimationParser.swift */; };
		F439B51424A1096B009CEE64 /* CoreAnimationRun.swift in Sources */ = {isa = PBXBuildFile; fileRef = F439B51324A1096B009CEE64 /* CoreAnimationRun.swift */; };
		F439B51624A10993009CEE64 /* CoreAnimationRow.swift in Sources */ = {isa = PBXBuildFile; fileRef = F439B51524A10993009CEE64 /* CoreAnimationRow.swift */; };
		F439B51B24A10B70009CEE64 /* ConnectionsParser.swift in Sources */ = {isa = PBXBuildFile; fileRef = F439B51A24A10B70009CEE64 /* ConnectionsParser.swift */; };
		F439B51E24A11BB4009CEE64 /* ConnectionsRun.swift in Sources */ = {isa = PBXBuildFile; fileRef = F439B51D24A11BB4009CEE64 /* ConnectionsRun.swift */; };
		F439B52024A11BC7009CEE64 /* ConnectionRow.swift in Sources */ = {isa = PBXBuildFile; fileRef = F439B51F24A11BC7009CEE64 /* ConnectionRow.swift */; };
		F439B52224A13E58009CEE64 /* ParserProtocol.swift in Sources */ = {isa = PBXBuildFile; fileRef = F439B52124A13E58009CEE64 /* ParserProtocol.swift */; };
		F497F29F24A05E180002CEFD /* main.swift in Sources */ = {isa = PBXBuildFile; fileRef = F497F29E24A05E180002CEFD /* main.swift */; };
		F497F2A124A05EB90002CEFD /* TraceUtility.swift in Sources */ = {isa = PBXBuildFile; fileRef = F497F2A024A05EB90002CEFD /* TraceUtility.swift */; };
		F497F2A324A05ED80002CEFD /* Instruments.swift in Sources */ = {isa = PBXBuildFile; fileRef = F497F2A224A05ED80002CEFD /* Instruments.swift */; };
		F497F2A824A062950002CEFD /* ArgumentParser in Frameworks */ = {isa = PBXBuildFile; productRef = F497F2A724A062950002CEFD /* ArgumentParser */; };
		F497F2AB24A0662A0002CEFD /* Trace.swift in Sources */ = {isa = PBXBuildFile; fileRef = F497F2AA24A0662A0002CEFD /* Trace.swift */; };
		F497F2AD24A073B00002CEFD /* ParserFactory.swift in Sources */ = {isa = PBXBuildFile; fileRef = F497F2AC24A073B00002CEFD /* ParserFactory.swift */; };
		F497F2AF24A079120002CEFD /* LeaksParser.swift in Sources */ = {isa = PBXBuildFile; fileRef = F497F2AE24A079120002CEFD /* LeaksParser.swift */; };
		F4BA187F249DDC0200D42258 /* InstrumentsAnalysisCore.framework in Frameworks */ = {isa = PBXBuildFile; fileRef = F4BA187E249DDC0200D42258 /* InstrumentsAnalysisCore.framework */; };
		F4BA1881249DDC0800D42258 /* InstrumentsKit.framework in Frameworks */ = {isa = PBXBuildFile; fileRef = F4BA1880249DDC0800D42258 /* InstrumentsKit.framework */; };
		F4BA1886249DDC1100D42258 /* DVTInstrumentsFoundation.framework in Frameworks */ = {isa = PBXBuildFile; fileRef = F4BA1882249DDC1100D42258 /* DVTInstrumentsFoundation.framework */; };
		F4BA1887249DDC1100D42258 /* DVTFoundation.framework in Frameworks */ = {isa = PBXBuildFile; fileRef = F4BA1883249DDC1100D42258 /* DVTFoundation.framework */; };
		F4BA1888249DDC1100D42258 /* InstrumentsPlugIn.framework in Frameworks */ = {isa = PBXBuildFile; fileRef = F4BA1884249DDC1100D42258 /* InstrumentsPlugIn.framework */; };
		F4BA1889249DDC1100D42258 /* DVTInstrumentsUtilities.framework in Frameworks */ = {isa = PBXBuildFile; fileRef = F4BA1885249DDC1100D42258 /* DVTInstrumentsUtilities.framework */; };
		F4BA189A249DE4C600D42258 /* LeaksParserHelper.m in Sources */ = {isa = PBXBuildFile; fileRef = F4BA1899249DE4C600D42258 /* LeaksParserHelper.m */; };
		F4DB5AC324A18120006AB436 /* Filter.swift in Sources */ = {isa = PBXBuildFile; fileRef = F4DB5AC224A18120006AB436 /* Filter.swift */; };
		F4DB5AC624A185BF006AB436 /* Regex in Frameworks */ = {isa = PBXBuildFile; productRef = F4DB5AC524A185BF006AB436 /* Regex */; };
		F4DB5AC824A186AB006AB436 /* ProcessRegex.swift in Sources */ = {isa = PBXBuildFile; fileRef = F4DB5AC724A186AB006AB436 /* ProcessRegex.swift */; };
		F4DB5ACA24A18A44006AB436 /* ProcessMatch.swift in Sources */ = {isa = PBXBuildFile; fileRef = F4DB5AC924A18A44006AB436 /* ProcessMatch.swift */; };
/* End PBXBuildFile section */

/* Begin PBXCopyFilesBuildPhase section */
		F4BA1850249DD7AF00D42258 /* CopyFiles */ = {
			isa = PBXCopyFilesBuildPhase;
			buildActionMask = 2147483647;
			dstPath = /usr/share/man/man1/;
			dstSubfolderSpec = 0;
			files = (
			);
			runOnlyForDeploymentPostprocessing = 1;
		};
/* End PBXCopyFilesBuildPhase section */

/* Begin PBXFileReference section */
		F439B4F924A0E5CE009CEE64 /* LeaksHeaders.h */ = {isa = PBXFileReference; lastKnownFileType = sourcecode.c.h; path = LeaksHeaders.h; sourceTree = "<group>"; };
		F439B4FB24A0E8E1009CEE64 /* ActivityMonitorParser.swift */ = {isa = PBXFileReference; lastKnownFileType = sourcecode.swift; path = ActivityMonitorParser.swift; sourceTree = "<group>"; };
		F439B4FD24A0E915009CEE64 /* LeakRow.swift */ = {isa = PBXFileReference; lastKnownFileType = sourcecode.swift; path = LeakRow.swift; sourceTree = "<group>"; };
		F439B4FF24A0E923009CEE64 /* LeakRun.swift */ = {isa = PBXFileReference; lastKnownFileType = sourcecode.swift; path = LeakRun.swift; sourceTree = "<group>"; };
		F439B50124A0E95A009CEE64 /* InstrumentRun.swift */ = {isa = PBXFileReference; lastKnownFileType = sourcecode.swift; path = InstrumentRun.swift; sourceTree = "<group>"; };
		F439B50324A0E96E009CEE64 /* Instrument.swift */ = {isa = PBXFileReference; lastKnownFileType = sourcecode.swift; path = Instrument.swift; sourceTree = "<group>"; };
		F439B50524A0E980009CEE64 /* SelectedProcess.swift */ = {isa = PBXFileReference; lastKnownFileType = sourcecode.swift; path = SelectedProcess.swift; sourceTree = "<group>"; };
		F439B50724A0E993009CEE64 /* Device.swift */ = {isa = PBXFileReference; lastKnownFileType = sourcecode.swift; path = Device.swift; sourceTree = "<group>"; };
		F439B50924A0FCC0009CEE64 /* RuntimeHacks.swift */ = {isa = PBXFileReference; lastKnownFileType = sourcecode.swift; path = RuntimeHacks.swift; sourceTree = "<group>"; };
		F439B50B24A0FCD5009CEE64 /* ActivityRow.swift */ = {isa = PBXFileReference; lastKnownFileType = sourcecode.swift; path = ActivityRow.swift; sourceTree = "<group>"; };
		F439B50D24A0FCEB009CEE64 /* ProcessActivity.swift */ = {isa = PBXFileReference; lastKnownFileType = sourcecode.swift; path = ProcessActivity.swift; sourceTree = "<group>"; };
		F439B50F24A0FD00009CEE64 /* ActivityRun.swift */ = {isa = PBXFileReference; lastKnownFileType = sourcecode.swift; path = ActivityRun.swift; sourceTree = "<group>"; };
		F439B51124A0FE15009CEE64 /* CoreAnimationParser.swift */ = {isa = PBXFileReference; lastKnownFileType = sourcecode.swift; path = CoreAnimationParser.swift; sourceTree = "<group>"; };
		F439B51324A1096B009CEE64 /* CoreAnimationRun.swift */ = {isa = PBXFileReference; lastKnownFileType = sourcecode.swift; path = CoreAnimationRun.swift; sourceTree = "<group>"; };
		F439B51524A10993009CEE64 /* CoreAnimationRow.swift */ = {isa = PBXFileReference; lastKnownFileType = sourcecode.swift; path = CoreAnimationRow.swift; sourceTree = "<group>"; };
		F439B51A24A10B70009CEE64 /* ConnectionsParser.swift */ = {isa = PBXFileReference; lastKnownFileType = sourcecode.swift; path = ConnectionsParser.swift; sourceTree = "<group>"; };
		F439B51D24A11BB4009CEE64 /* ConnectionsRun.swift */ = {isa = PBXFileReference; lastKnownFileType = sourcecode.swift; path = ConnectionsRun.swift; sourceTree = "<group>"; };
		F439B51F24A11BC7009CEE64 /* ConnectionRow.swift */ = {isa = PBXFileReference; lastKnownFileType = sourcecode.swift; path = ConnectionRow.swift; sourceTree = "<group>"; };
		F439B52124A13E58009CEE64 /* ParserProtocol.swift */ = {isa = PBXFileReference; lastKnownFileType = sourcecode.swift; path = ParserProtocol.swift; sourceTree = "<group>"; };
		F497F29D24A05E170002CEFD /* Trace2JSON-Bridging-Header.h */ = {isa = PBXFileReference; lastKnownFileType = sourcecode.c.h; path = "Trace2JSON-Bridging-Header.h"; sourceTree = "<group>"; };
		F497F29E24A05E180002CEFD /* main.swift */ = {isa = PBXFileReference; lastKnownFileType = sourcecode.swift; path = main.swift; sourceTree = "<group>"; };
		F497F2A024A05EB90002CEFD /* TraceUtility.swift */ = {isa = PBXFileReference; lastKnownFileType = sourcecode.swift; path = TraceUtility.swift; sourceTree = "<group>"; };
		F497F2A224A05ED80002CEFD /* Instruments.swift */ = {isa = PBXFileReference; lastKnownFileType = sourcecode.swift; path = Instruments.swift; sourceTree = "<group>"; };
		F497F2AA24A0662A0002CEFD /* Trace.swift */ = {isa = PBXFileReference; lastKnownFileType = sourcecode.swift; path = Trace.swift; sourceTree = "<group>"; };
		F497F2AC24A073B00002CEFD /* ParserFactory.swift */ = {isa = PBXFileReference; lastKnownFileType = sourcecode.swift; path = ParserFactory.swift; sourceTree = "<group>"; };
		F497F2AE24A079120002CEFD /* LeaksParser.swift */ = {isa = PBXFileReference; lastKnownFileType = sourcecode.swift; path = LeaksParser.swift; sourceTree = "<group>"; };
		F4BA1852249DD7AF00D42258 /* Trace2JSON */ = {isa = PBXFileReference; explicitFileType = "compiled.mach-o.executable"; includeInIndex = 0; path = Trace2JSON; sourceTree = BUILT_PRODUCTS_DIR; };
		F4BA1873249DDAE100D42258 /* Trace2JSON.entitlements */ = {isa = PBXFileReference; lastKnownFileType = text.plist.entitlements; path = Trace2JSON.entitlements; sourceTree = "<group>"; };
		F4BA187E249DDC0200D42258 /* InstrumentsAnalysisCore.framework */ = {isa = PBXFileReference; lastKnownFileType = wrapper.framework; name = InstrumentsAnalysisCore.framework; path = ../../../../Applications/Xcode.app/Contents/Applications/Instruments.app/Contents/Frameworks/InstrumentsAnalysisCore.framework; sourceTree = "<group>"; };
		F4BA1880249DDC0800D42258 /* InstrumentsKit.framework */ = {isa = PBXFileReference; lastKnownFileType = wrapper.framework; name = InstrumentsKit.framework; path = ../../../../Applications/Xcode.app/Contents/Applications/Instruments.app/Contents/Frameworks/InstrumentsKit.framework; sourceTree = "<group>"; };
		F4BA1882249DDC1100D42258 /* DVTInstrumentsFoundation.framework */ = {isa = PBXFileReference; lastKnownFileType = wrapper.framework; name = DVTInstrumentsFoundation.framework; path = ../../../../Applications/Xcode.app/Contents/SharedFrameworks/DVTInstrumentsFoundation.framework; sourceTree = "<group>"; };
		F4BA1883249DDC1100D42258 /* DVTFoundation.framework */ = {isa = PBXFileReference; lastKnownFileType = wrapper.framework; name = DVTFoundation.framework; path = ../../../../Applications/Xcode.app/Contents/SharedFrameworks/DVTFoundation.framework; sourceTree = "<group>"; };
		F4BA1884249DDC1100D42258 /* InstrumentsPlugIn.framework */ = {isa = PBXFileReference; lastKnownFileType = wrapper.framework; name = InstrumentsPlugIn.framework; path = ../../../../Applications/Xcode.app/Contents/Applications/Instruments.app/Contents/Frameworks/InstrumentsPlugIn.framework; sourceTree = "<group>"; };
		F4BA1885249DDC1100D42258 /* DVTInstrumentsUtilities.framework */ = {isa = PBXFileReference; lastKnownFileType = wrapper.framework; name = DVTInstrumentsUtilities.framework; path = ../../../../Applications/Xcode.app/Contents/SharedFrameworks/DVTInstrumentsUtilities.framework; sourceTree = "<group>"; };
		F4BA188D249DDF5F00D42258 /* InstrumentsPrivateHeaders.h */ = {isa = PBXFileReference; lastKnownFileType = sourcecode.c.h; path = InstrumentsPrivateHeaders.h; sourceTree = "<group>"; };
		F4BA1898249DE4C600D42258 /* LeaksParserHelper.h */ = {isa = PBXFileReference; lastKnownFileType = sourcecode.c.h; path = LeaksParserHelper.h; sourceTree = "<group>"; };
		F4BA1899249DE4C600D42258 /* LeaksParserHelper.m */ = {isa = PBXFileReference; lastKnownFileType = sourcecode.c.objc; path = LeaksParserHelper.m; sourceTree = "<group>"; };
		F4DB5AC224A18120006AB436 /* Filter.swift */ = {isa = PBXFileReference; lastKnownFileType = sourcecode.swift; path = Filter.swift; sourceTree = "<group>"; };
		F4DB5AC724A186AB006AB436 /* ProcessRegex.swift */ = {isa = PBXFileReference; lastKnownFileType = sourcecode.swift; path = ProcessRegex.swift; sourceTree = "<group>"; };
		F4DB5AC924A18A44006AB436 /* ProcessMatch.swift */ = {isa = PBXFileReference; lastKnownFileType = sourcecode.swift; path = ProcessMatch.swift; sourceTree = "<group>"; };
/* End PBXFileReference section */

/* Begin PBXFrameworksBuildPhase section */
		F4BA184F249DD7AF00D42258 /* Frameworks */ = {
			isa = PBXFrameworksBuildPhase;
			buildActionMask = 2147483647;
			files = (
				F4DB5AC624A185BF006AB436 /* Regex in Frameworks */,
				F4BA1887249DDC1100D42258 /* DVTFoundation.framework in Frameworks */,
				F4BA1881249DDC0800D42258 /* InstrumentsKit.framework in Frameworks */,
				F497F2A824A062950002CEFD /* ArgumentParser in Frameworks */,
				F4BA187F249DDC0200D42258 /* InstrumentsAnalysisCore.framework in Frameworks */,
				F4BA1886249DDC1100D42258 /* DVTInstrumentsFoundation.framework in Frameworks */,
				F4BA1888249DDC1100D42258 /* InstrumentsPlugIn.framework in Frameworks */,
				F4BA1889249DDC1100D42258 /* DVTInstrumentsUtilities.framework in Frameworks */,
			);
			runOnlyForDeploymentPostprocessing = 0;
		};
/* End PBXFrameworksBuildPhase section */

/* Begin PBXGroup section */
		F439B4FA24A0E836009CEE64 /* LeaksParser */ = {
			isa = PBXGroup;
			children = (
				F439B4F924A0E5CE009CEE64 /* LeaksHeaders.h */,
				F497F2AE24A079120002CEFD /* LeaksParser.swift */,
				F4BA1898249DE4C600D42258 /* LeaksParserHelper.h */,
				F4BA1899249DE4C600D42258 /* LeaksParserHelper.m */,
			);
			path = LeaksParser;
			sourceTree = "<group>";
		};
		F439B51724A10A04009CEE64 /* Leaks */ = {
			isa = PBXGroup;
			children = (
				F439B4FF24A0E923009CEE64 /* LeakRun.swift */,
				F439B4FD24A0E915009CEE64 /* LeakRow.swift */,
			);
			path = Leaks;
			sourceTree = "<group>";
		};
		F439B51824A10A0B009CEE64 /* Activity */ = {
			isa = PBXGroup;
			children = (
				F439B50F24A0FD00009CEE64 /* ActivityRun.swift */,
				F439B50D24A0FCEB009CEE64 /* ProcessActivity.swift */,
				F439B50B24A0FCD5009CEE64 /* ActivityRow.swift */,
			);
			path = Activity;
			sourceTree = "<group>";
		};
		F439B51924A10A1B009CEE64 /* CoreAnimation */ = {
			isa = PBXGroup;
			children = (
				F439B51324A1096B009CEE64 /* CoreAnimationRun.swift */,
				F439B51524A10993009CEE64 /* CoreAnimationRow.swift */,
			);
			path = CoreAnimation;
			sourceTree = "<group>";
		};
		F439B51C24A11BA2009CEE64 /* Connection */ = {
			isa = PBXGroup;
			children = (
				F439B51D24A11BB4009CEE64 /* ConnectionsRun.swift */,
				F439B51F24A11BC7009CEE64 /* ConnectionRow.swift */,
			);
			path = Connection;
			sourceTree = "<group>";
		};
		F497F2A924A065FC0002CEFD /* Models */ = {
			isa = PBXGroup;
			children = (
				F4DB5AC224A18120006AB436 /* Filter.swift */,
				F497F2AA24A0662A0002CEFD /* Trace.swift */,
				F439B50724A0E993009CEE64 /* Device.swift */,
				F439B50524A0E980009CEE64 /* SelectedProcess.swift */,
				F439B50324A0E96E009CEE64 /* Instrument.swift */,
				F439B50124A0E95A009CEE64 /* InstrumentRun.swift */,
				F439B51724A10A04009CEE64 /* Leaks */,
				F439B51824A10A0B009CEE64 /* Activity */,
				F439B51924A10A1B009CEE64 /* CoreAnimation */,
				F439B51C24A11BA2009CEE64 /* Connection */,
				F4DB5AC924A18A44006AB436 /* ProcessMatch.swift */,
			);
			path = Models;
			sourceTree = "<group>";
		};
		F4BA1849249DD7AF00D42258 = {
			isa = PBXGroup;
			children = (
				F4BA1854249DD7AF00D42258 /* Trace2JSON */,
				F4BA1853249DD7AF00D42258 /* Products */,
				F4BA1860249DDA6800D42258 /* Frameworks */,
			);
			sourceTree = "<group>";
		};
		F4BA1853249DD7AF00D42258 /* Products */ = {
			isa = PBXGroup;
			children = (
				F4BA1852249DD7AF00D42258 /* Trace2JSON */,
			);
			name = Products;
			sourceTree = "<group>";
		};
		F4BA1854249DD7AF00D42258 /* Trace2JSON */ = {
			isa = PBXGroup;
			children = (
				F4BA1873249DDAE100D42258 /* Trace2JSON.entitlements */,
				F4BA188E249DE09600D42258 /* TraceUtility */,
				F4BA185C249DD97B00D42258 /* Helpers */,
				F4BA1893249DE21300D42258 /* Parsers */,
				F497F2A924A065FC0002CEFD /* Models */,
				F497F29D24A05E170002CEFD /* Trace2JSON-Bridging-Header.h */,
				F497F29E24A05E180002CEFD /* main.swift */,
			);
			path = Trace2JSON;
			sourceTree = "<group>";
		};
		F4BA185C249DD97B00D42258 /* Helpers */ = {
			isa = PBXGroup;
			children = (
				F4BA188D249DDF5F00D42258 /* InstrumentsPrivateHeaders.h */,
				F497F2A224A05ED80002CEFD /* Instruments.swift */,
				F439B50924A0FCC0009CEE64 /* RuntimeHacks.swift */,
				F4DB5AC724A186AB006AB436 /* ProcessRegex.swift */,
			);
			path = Helpers;
			sourceTree = "<group>";
		};
		F4BA1860249DDA6800D42258 /* Frameworks */ = {
			isa = PBXGroup;
			children = (
				F4BA187E249DDC0200D42258 /* InstrumentsAnalysisCore.framework */,
				F4BA1880249DDC0800D42258 /* InstrumentsKit.framework */,
				F4BA1884249DDC1100D42258 /* InstrumentsPlugIn.framework */,
				F4BA1885249DDC1100D42258 /* DVTInstrumentsUtilities.framework */,
				F4BA1882249DDC1100D42258 /* DVTInstrumentsFoundation.framework */,
				F4BA1883249DDC1100D42258 /* DVTFoundation.framework */,
			);
			name = Frameworks;
			sourceTree = "<group>";
		};
		F4BA188E249DE09600D42258 /* TraceUtility */ = {
			isa = PBXGroup;
			children = (
				F497F2A024A05EB90002CEFD /* TraceUtility.swift */,
			);
			path = TraceUtility;
			sourceTree = "<group>";
		};
		F4BA1893249DE21300D42258 /* Parsers */ = {
			isa = PBXGroup;
			children = (
				F439B52124A13E58009CEE64 /* ParserProtocol.swift */,
				F497F2AC24A073B00002CEFD /* ParserFactory.swift */,
				F439B4FA24A0E836009CEE64 /* LeaksParser */,
				F439B4FB24A0E8E1009CEE64 /* ActivityMonitorParser.swift */,
				F439B51124A0FE15009CEE64 /* CoreAnimationParser.swift */,
				F439B51A24A10B70009CEE64 /* ConnectionsParser.swift */,
			);
			path = Parsers;
			sourceTree = "<group>";
		};
/* End PBXGroup section */

/* Begin PBXNativeTarget section */
		F4BA1851249DD7AF00D42258 /* Trace2JSON */ = {
			isa = PBXNativeTarget;
			buildConfigurationList = F4BA1859249DD7AF00D42258 /* Build configuration list for PBXNativeTarget "Trace2JSON" */;
			buildPhases = (
				F4BA184E249DD7AF00D42258 /* Sources */,
				F4BA184F249DD7AF00D42258 /* Frameworks */,
				F4BA1850249DD7AF00D42258 /* CopyFiles */,
			);
			buildRules = (
			);
			dependencies = (
			);
			name = Trace2JSON;
			packageProductDependencies = (
				F497F2A724A062950002CEFD /* ArgumentParser */,
				F4DB5AC524A185BF006AB436 /* Regex */,
			);
			productName = Trace2JSON;
			productReference = F4BA1852249DD7AF00D42258 /* Trace2JSON */;
			productType = "com.apple.product-type.tool";
		};
/* End PBXNativeTarget section */

/* Begin PBXProject section */
		F4BA184A249DD7AF00D42258 /* Project object */ = {
			isa = PBXProject;
			attributes = {
				LastUpgradeCheck = 1150;
				ORGANIZATIONNAME = Itaysoft;
				TargetAttributes = {
					F4BA1851249DD7AF00D42258 = {
						CreatedOnToolsVersion = 11.5;
						LastSwiftMigration = 1150;
					};
				};
			};
			buildConfigurationList = F4BA184D249DD7AF00D42258 /* Build configuration list for PBXProject "Trace2JSON" */;
			compatibilityVersion = "Xcode 9.3";
			developmentRegion = en;
			hasScannedForEncodings = 0;
			knownRegions = (
				en,
				Base,
			);
			mainGroup = F4BA1849249DD7AF00D42258;
			packageReferences = (
				F497F2A624A062950002CEFD /* XCRemoteSwiftPackageReference "swift-argument-parser" */,
				F4DB5AC424A185BF006AB436 /* XCRemoteSwiftPackageReference "Regex" */,
			);
			productRefGroup = F4BA1853249DD7AF00D42258 /* Products */;
			projectDirPath = "";
			projectRoot = "";
			targets = (
				F4BA1851249DD7AF00D42258 /* Trace2JSON */,
			);
		};
/* End PBXProject section */

/* Begin PBXSourcesBuildPhase section */
		F4BA184E249DD7AF00D42258 /* Sources */ = {
			isa = PBXSourcesBuildPhase;
			buildActionMask = 2147483647;
			files = (
				F439B51024A0FD00009CEE64 /* ActivityRun.swift in Sources */,
				F439B4FE24A0E915009CEE64 /* LeakRow.swift in Sources */,
				F439B51624A10993009CEE64 /* CoreAnimationRow.swift in Sources */,
				F497F2AD24A073B00002CEFD /* ParserFactory.swift in Sources */,
				F439B50E24A0FCEB009CEE64 /* ProcessActivity.swift in Sources */,
				F497F2AB24A0662A0002CEFD /* Trace.swift in Sources */,
				F4BA189A249DE4C600D42258 /* LeaksParserHelper.m in Sources */,
				F439B51E24A11BB4009CEE64 /* ConnectionsRun.swift in Sources */,
				F497F2A324A05ED80002CEFD /* Instruments.swift in Sources */,
				F4DB5ACA24A18A44006AB436 /* ProcessMatch.swift in Sources */,
				F439B50624A0E980009CEE64 /* SelectedProcess.swift in Sources */,
				F497F29F24A05E180002CEFD /* main.swift in Sources */,
				F439B51B24A10B70009CEE64 /* ConnectionsParser.swift in Sources */,
				F439B4FC24A0E8E1009CEE64 /* ActivityMonitorParser.swift in Sources */,
				F439B50A24A0FCC0009CEE64 /* RuntimeHacks.swift in Sources */,
				F439B50C24A0FCD5009CEE64 /* ActivityRow.swift in Sources */,
				F439B50024A0E923009CEE64 /* LeakRun.swift in Sources */,
				F497F2A124A05EB90002CEFD /* TraceUtility.swift in Sources */,
				F439B51424A1096B009CEE64 /* CoreAnimationRun.swift in Sources */,
				F4DB5AC824A186AB006AB436 /* ProcessRegex.swift in Sources */,
				F497F2AF24A079120002CEFD /* LeaksParser.swift in Sources */,
				F439B50424A0E96E009CEE64 /* Instrument.swift in Sources */,
				F439B50224A0E95A009CEE64 /* InstrumentRun.swift in Sources */,
				F439B51224A0FE15009CEE64 /* CoreAnimationParser.swift in Sources */,
				F439B52024A11BC7009CEE64 /* ConnectionRow.swift in Sources */,
				F4DB5AC324A18120006AB436 /* Filter.swift in Sources */,
				F439B52224A13E58009CEE64 /* ParserProtocol.swift in Sources */,
				F439B50824A0E993009CEE64 /* Device.swift in Sources */,
			);
			runOnlyForDeploymentPostprocessing = 0;
		};
/* End PBXSourcesBuildPhase section */

/* Begin XCBuildConfiguration section */
		F4BA1857249DD7AF00D42258 /* Debug */ = {
			isa = XCBuildConfiguration;
			buildSettings = {
				ALWAYS_SEARCH_USER_PATHS = NO;
				CLANG_ANALYZER_NONNULL = YES;
				CLANG_ANALYZER_NUMBER_OBJECT_CONVERSION = YES_AGGRESSIVE;
				CLANG_CXX_LANGUAGE_STANDARD = "gnu++14";
				CLANG_CXX_LIBRARY = "libc++";
				CLANG_ENABLE_MODULES = YES;
				CLANG_ENABLE_OBJC_ARC = YES;
				CLANG_ENABLE_OBJC_WEAK = YES;
				CLANG_WARN_BLOCK_CAPTURE_AUTORELEASING = YES;
				CLANG_WARN_BOOL_CONVERSION = YES;
				CLANG_WARN_COMMA = YES;
				CLANG_WARN_CONSTANT_CONVERSION = YES;
				CLANG_WARN_DEPRECATED_OBJC_IMPLEMENTATIONS = YES;
				CLANG_WARN_DIRECT_OBJC_ISA_USAGE = YES_ERROR;
				CLANG_WARN_DOCUMENTATION_COMMENTS = YES;
				CLANG_WARN_EMPTY_BODY = YES;
				CLANG_WARN_ENUM_CONVERSION = YES;
				CLANG_WARN_INFINITE_RECURSION = YES;
				CLANG_WARN_INT_CONVERSION = YES;
				CLANG_WARN_NON_LITERAL_NULL_CONVERSION = YES;
				CLANG_WARN_OBJC_IMPLICIT_RETAIN_SELF = YES;
				CLANG_WARN_OBJC_LITERAL_CONVERSION = YES;
				CLANG_WARN_OBJC_ROOT_CLASS = YES_ERROR;
				CLANG_WARN_RANGE_LOOP_ANALYSIS = YES;
				CLANG_WARN_STRICT_PROTOTYPES = YES;
				CLANG_WARN_SUSPICIOUS_MOVE = YES;
				CLANG_WARN_UNGUARDED_AVAILABILITY = YES_AGGRESSIVE;
				CLANG_WARN_UNREACHABLE_CODE = YES;
				CLANG_WARN__DUPLICATE_METHOD_MATCH = YES;
				COPY_PHASE_STRIP = NO;
				DEBUG_INFORMATION_FORMAT = dwarf;
				ENABLE_STRICT_OBJC_MSGSEND = YES;
				ENABLE_TESTABILITY = YES;
				GCC_C_LANGUAGE_STANDARD = gnu11;
				GCC_DYNAMIC_NO_PIC = NO;
				GCC_NO_COMMON_BLOCKS = YES;
				GCC_OPTIMIZATION_LEVEL = 0;
				GCC_PREPROCESSOR_DEFINITIONS = (
					"DEBUG=1",
					"$(inherited)",
				);
				GCC_WARN_64_TO_32_BIT_CONVERSION = YES;
				GCC_WARN_ABOUT_RETURN_TYPE = YES_ERROR;
				GCC_WARN_UNDECLARED_SELECTOR = YES;
				GCC_WARN_UNINITIALIZED_AUTOS = YES_AGGRESSIVE;
				GCC_WARN_UNUSED_FUNCTION = YES;
				GCC_WARN_UNUSED_VARIABLE = YES;
				MACOSX_DEPLOYMENT_TARGET = 10.15;
				MTL_ENABLE_DEBUG_INFO = INCLUDE_SOURCE;
				MTL_FAST_MATH = YES;
				ONLY_ACTIVE_ARCH = YES;
				SDKROOT = macosx;
			};
			name = Debug;
		};
		F4BA1858249DD7AF00D42258 /* Release */ = {
			isa = XCBuildConfiguration;
			buildSettings = {
				ALWAYS_SEARCH_USER_PATHS = NO;
				CLANG_ANALYZER_NONNULL = YES;
				CLANG_ANALYZER_NUMBER_OBJECT_CONVERSION = YES_AGGRESSIVE;
				CLANG_CXX_LANGUAGE_STANDARD = "gnu++14";
				CLANG_CXX_LIBRARY = "libc++";
				CLANG_ENABLE_MODULES = YES;
				CLANG_ENABLE_OBJC_ARC = YES;
				CLANG_ENABLE_OBJC_WEAK = YES;
				CLANG_WARN_BLOCK_CAPTURE_AUTORELEASING = YES;
				CLANG_WARN_BOOL_CONVERSION = YES;
				CLANG_WARN_COMMA = YES;
				CLANG_WARN_CONSTANT_CONVERSION = YES;
				CLANG_WARN_DEPRECATED_OBJC_IMPLEMENTATIONS = YES;
				CLANG_WARN_DIRECT_OBJC_ISA_USAGE = YES_ERROR;
				CLANG_WARN_DOCUMENTATION_COMMENTS = YES;
				CLANG_WARN_EMPTY_BODY = YES;
				CLANG_WARN_ENUM_CONVERSION = YES;
				CLANG_WARN_INFINITE_RECURSION = YES;
				CLANG_WARN_INT_CONVERSION = YES;
				CLANG_WARN_NON_LITERAL_NULL_CONVERSION = YES;
				CLANG_WARN_OBJC_IMPLICIT_RETAIN_SELF = YES;
				CLANG_WARN_OBJC_LITERAL_CONVERSION = YES;
				CLANG_WARN_OBJC_ROOT_CLASS = YES_ERROR;
				CLANG_WARN_RANGE_LOOP_ANALYSIS = YES;
				CLANG_WARN_STRICT_PROTOTYPES = YES;
				CLANG_WARN_SUSPICIOUS_MOVE = YES;
				CLANG_WARN_UNGUARDED_AVAILABILITY = YES_AGGRESSIVE;
				CLANG_WARN_UNREACHABLE_CODE = YES;
				CLANG_WARN__DUPLICATE_METHOD_MATCH = YES;
				COPY_PHASE_STRIP = NO;
				DEBUG_INFORMATION_FORMAT = "dwarf-with-dsym";
				ENABLE_NS_ASSERTIONS = NO;
				ENABLE_STRICT_OBJC_MSGSEND = YES;
				GCC_C_LANGUAGE_STANDARD = gnu11;
				GCC_NO_COMMON_BLOCKS = YES;
				GCC_WARN_64_TO_32_BIT_CONVERSION = YES;
				GCC_WARN_ABOUT_RETURN_TYPE = YES_ERROR;
				GCC_WARN_UNDECLARED_SELECTOR = YES;
				GCC_WARN_UNINITIALIZED_AUTOS = YES_AGGRESSIVE;
				GCC_WARN_UNUSED_FUNCTION = YES;
				GCC_WARN_UNUSED_VARIABLE = YES;
				MACOSX_DEPLOYMENT_TARGET = 10.15;
				MTL_ENABLE_DEBUG_INFO = NO;
				MTL_FAST_MATH = YES;
				SDKROOT = macosx;
			};
			name = Release;
		};
		F4BA185A249DD7AF00D42258 /* Debug */ = {
			isa = XCBuildConfiguration;
			buildSettings = {
				CLANG_ENABLE_MODULES = YES;
				CODE_SIGN_ENTITLEMENTS = Trace2JSON/Trace2JSON.entitlements;
				CODE_SIGN_IDENTITY = "Apple Development";
				CODE_SIGN_STYLE = Automatic;
				DEVELOPMENT_TEAM = PY9WJ3M9MW;
				ENABLE_HARDENED_RUNTIME = NO;
				GCC_PREFIX_HEADER = "";
				LD_RUNPATH_SEARCH_PATHS = (
					/Applications/Xcode.app/Contents/SharedFrameworks,
					/Applications/Xcode.app/Contents/Applications/Instruments.app/Contents/Frameworks,
				);
				MACOSX_DEPLOYMENT_TARGET = 10.14;
				PRODUCT_BUNDLE_IDENTIFIER = com.itaysoft.trace2json;
				PRODUCT_NAME = "$(TARGET_NAME)";
				PROVISIONING_PROFILE_SPECIFIER = "";
				SWIFT_OBJC_BRIDGING_HEADER = "Trace2JSON/Trace2JSON-Bridging-Header.h";
				SWIFT_OPTIMIZATION_LEVEL = "-Onone";
				SWIFT_VERSION = 5.0;
				SYSTEM_FRAMEWORK_SEARCH_PATHS = (
					/Applications/Xcode.app/Contents/SharedFrameworks,
					/Applications/Xcode.app/Contents/Applications/Instruments.app/Contents/Frameworks,
				);
				SYSTEM_HEADER_SEARCH_PATHS = "";
			};
			name = Debug;
		};
		F4BA185B249DD7AF00D42258 /* Release */ = {
			isa = XCBuildConfiguration;
			buildSettings = {
				CLANG_ENABLE_MODULES = YES;
				CODE_SIGN_ENTITLEMENTS = Trace2JSON/Trace2JSON.entitlements;
				CODE_SIGN_IDENTITY = "Apple Development";
				CODE_SIGN_STYLE = Automatic;
				DEVELOPMENT_TEAM = PY9WJ3M9MW;
				ENABLE_HARDENED_RUNTIME = NO;
				GCC_PREFIX_HEADER = "";
				LD_RUNPATH_SEARCH_PATHS = (
					/Applications/Xcode.app/Contents/SharedFrameworks,
					/Applications/Xcode.app/Contents/Applications/Instruments.app/Contents/Frameworks,
				);
				MACOSX_DEPLOYMENT_TARGET = 10.14;
				PRODUCT_BUNDLE_IDENTIFIER = com.itaysoft.trace2json;
				PRODUCT_NAME = "$(TARGET_NAME)";
				PROVISIONING_PROFILE_SPECIFIER = "";
				SWIFT_OBJC_BRIDGING_HEADER = "Trace2JSON/Trace2JSON-Bridging-Header.h";
				SWIFT_VERSION = 5.0;
				SYSTEM_FRAMEWORK_SEARCH_PATHS = (
					/Applications/Xcode.app/Contents/SharedFrameworks,
					/Applications/Xcode.app/Contents/Applications/Instruments.app/Contents/Frameworks,
				);
				SYSTEM_HEADER_SEARCH_PATHS = "";
			};
			name = Release;
		};
/* End XCBuildConfiguration section */

/* Begin XCConfigurationList section */
		F4BA184D249DD7AF00D42258 /* Build configuration list for PBXProject "Trace2JSON" */ = {
			isa = XCConfigurationList;
			buildConfigurations = (
				F4BA1857249DD7AF00D42258 /* Debug */,
				F4BA1858249DD7AF00D42258 /* Release */,
			);
			defaultConfigurationIsVisible = 0;
			defaultConfigurationName = Release;
		};
		F4BA1859249DD7AF00D42258 /* Build configuration list for PBXNativeTarget "Trace2JSON" */ = {
			isa = XCConfigurationList;
			buildConfigurations = (
				F4BA185A249DD7AF00D42258 /* Debug */,
				F4BA185B249DD7AF00D42258 /* Release */,
			);
			defaultConfigurationIsVisible = 0;
			defaultConfigurationName = Release;
		};
/* End XCConfigurationList section */

/* Begin XCRemoteSwiftPackageReference section */
		F497F2A624A062950002CEFD /* XCRemoteSwiftPackageReference "swift-argument-parser" */ = {
			isa = XCRemoteSwiftPackageReference;
			repositoryURL = "git@github.com:apple/swift-argument-parser.git";
			requirement = {
				kind = upToNextMajorVersion;
				minimumVersion = 0.1.0;
			};
		};
		F4DB5AC424A185BF006AB436 /* XCRemoteSwiftPackageReference "Regex" */ = {
			isa = XCRemoteSwiftPackageReference;
			repositoryURL = "git@github.com:sharplet/Regex.git";
			requirement = {
				kind = upToNextMajorVersion;
				minimumVersion = 2.1.1;
			};
		};
/* End XCRemoteSwiftPackageReference section */

/* Begin XCSwiftPackageProductDependency section */
		F497F2A724A062950002CEFD /* ArgumentParser */ = {
			isa = XCSwiftPackageProductDependency;
			package = F497F2A624A062950002CEFD /* XCRemoteSwiftPackageReference "swift-argument-parser" */;
			productName = ArgumentParser;
		};
		F4DB5AC524A185BF006AB436 /* Regex */ = {
			isa = XCSwiftPackageProductDependency;
			package = F4DB5AC424A185BF006AB436 /* XCRemoteSwiftPackageReference "Regex" */;
			productName = Regex;
		};
/* End XCSwiftPackageProductDependency section */
	};
	rootObject = F4BA184A249DD7AF00D42258 /* Project object */;
}
